// !$*UTF8*$!
{
	archiveVersion = 1;
	classes = {
	};
	objectVersion = 77;
	objects = {

/* Begin PBXBuildFile section */
		7A9058F92D2F9D840097E73A /* SDWebImageSwiftUI in Frameworks */ = {isa = PBXBuildFile; productRef = 7A9058F82D2F9D840097E73A /* SDWebImageSwiftUI */; };
/* End PBXBuildFile section */

/* Begin PBXContainerItemProxy section */
		7A57573B2D2D6ED80068C94C /* PBXContainerItemProxy */ = {
			isa = PBXContainerItemProxy;
			containerPortal = 7A5757202D2D6ED60068C94C /* Project object */;
			proxyType = 1;
			remoteGlobalIDString = 7A5757272D2D6ED60068C94C;
			remoteInfo = "Rudux-SwiftUI";
		};
		7A5757452D2D6ED80068C94C /* PBXContainerItemProxy */ = {
			isa = PBXContainerItemProxy;
			containerPortal = 7A5757202D2D6ED60068C94C /* Project object */;
			proxyType = 1;
			remoteGlobalIDString = 7A5757272D2D6ED60068C94C;
			remoteInfo = "Rudux-SwiftUI";
		};
/* End PBXContainerItemProxy section */

/* Begin PBXFileReference section */
		7A5757282D2D6ED60068C94C /* Rudux-SwiftUI.app */ = {isa = PBXFileReference; explicitFileType = wrapper.application; includeInIndex = 0; path = "Rudux-SwiftUI.app"; sourceTree = BUILT_PRODUCTS_DIR; };
		7A57573A2D2D6ED80068C94C /* Rudux-SwiftUITests.xctest */ = {isa = PBXFileReference; explicitFileType = wrapper.cfbundle; includeInIndex = 0; path = "Rudux-SwiftUITests.xctest"; sourceTree = BUILT_PRODUCTS_DIR; };
		7A5757442D2D6ED80068C94C /* Rudux-SwiftUIUITests.xctest */ = {isa = PBXFileReference; explicitFileType = wrapper.cfbundle; includeInIndex = 0; path = "Rudux-SwiftUIUITests.xctest"; sourceTree = BUILT_PRODUCTS_DIR; };
/* End PBXFileReference section */

/* Begin PBXFileSystemSynchronizedRootGroup section */
		7A57572A2D2D6ED60068C94C /* Rudux-SwiftUI */ = {
			isa = PBXFileSystemSynchronizedRootGroup;
			path = "Rudux-SwiftUI";
			sourceTree = "<group>";
		};
		7A57573D2D2D6ED80068C94C /* Rudux-SwiftUITests */ = {
			isa = PBXFileSystemSynchronizedRootGroup;
			path = "Rudux-SwiftUITests";
			sourceTree = "<group>";
		};
		7A5757472D2D6ED80068C94C /* Rudux-SwiftUIUITests */ = {
			isa = PBXFileSystemSynchronizedRootGroup;
			path = "Rudux-SwiftUIUITests";
			sourceTree = "<group>";
		};
/* End PBXFileSystemSynchronizedRootGroup section */

/* Begin PBXFrameworksBuildPhase section */
		7A5757252D2D6ED60068C94C /* Frameworks */ = {
			isa = PBXFrameworksBuildPhase;
			buildActionMask = 2147483647;
			files = (
				7A9058F92D2F9D840097E73A /* SDWebImageSwiftUI in Frameworks */,
			);
			runOnlyForDeploymentPostprocessing = 0;
		};
		7A5757372D2D6ED80068C94C /* Frameworks */ = {
			isa = PBXFrameworksBuildPhase;
			buildActionMask = 2147483647;
			files = (
			);
			runOnlyForDeploymentPostprocessing = 0;
		};
		7A5757412D2D6ED80068C94C /* Frameworks */ = {
			isa = PBXFrameworksBuildPhase;
			buildActionMask = 2147483647;
			files = (
			);
			runOnlyForDeploymentPostprocessing = 0;
		};
/* End PBXFrameworksBuildPhase section */

/* Begin PBXGroup section */
		7A57571F2D2D6ED60068C94C = {
			isa = PBXGroup;
			children = (
				7A57572A2D2D6ED60068C94C /* Rudux-SwiftUI */,
				7A57573D2D2D6ED80068C94C /* Rudux-SwiftUITests */,
				7A5757472D2D6ED80068C94C /* Rudux-SwiftUIUITests */,
				7A5757292D2D6ED60068C94C /* Products */,
			);
			sourceTree = "<group>";
		};
		7A5757292D2D6ED60068C94C /* Products */ = {
			isa = PBXGroup;
			children = (
				7A5757282D2D6ED60068C94C /* Rudux-SwiftUI.app */,
				7A57573A2D2D6ED80068C94C /* Rudux-SwiftUITests.xctest */,
				7A5757442D2D6ED80068C94C /* Rudux-SwiftUIUITests.xctest */,
			);
			name = Products;
			sourceTree = "<group>";
		};
/* End PBXGroup section */

/* Begin PBXNativeTarget section */
		7A5757272D2D6ED60068C94C /* Rudux-SwiftUI */ = {
			isa = PBXNativeTarget;
			buildConfigurationList = 7A57574E2D2D6ED80068C94C /* Build configuration list for PBXNativeTarget "Rudux-SwiftUI" */;
			buildPhases = (
				7A5757242D2D6ED60068C94C /* Sources */,
				7A5757252D2D6ED60068C94C /* Frameworks */,
				7A5757262D2D6ED60068C94C /* Resources */,
			);
			buildRules = (
			);
			dependencies = (
			);
			fileSystemSynchronizedGroups = (
				7A57572A2D2D6ED60068C94C /* Rudux-SwiftUI */,
			);
			name = "Rudux-SwiftUI";
			packageProductDependencies = (
				7A9058F82D2F9D840097E73A /* SDWebImageSwiftUI */,
			);
			productName = "Rudux-SwiftUI";
			productReference = 7A5757282D2D6ED60068C94C /* Rudux-SwiftUI.app */;
			productType = "com.apple.product-type.application";
		};
		7A5757392D2D6ED80068C94C /* Rudux-SwiftUITests */ = {
			isa = PBXNativeTarget;
			buildConfigurationList = 7A5757512D2D6ED80068C94C /* Build configuration list for PBXNativeTarget "Rudux-SwiftUITests" */;
			buildPhases = (
				7A5757362D2D6ED80068C94C /* Sources */,
				7A5757372D2D6ED80068C94C /* Frameworks */,
				7A5757382D2D6ED80068C94C /* Resources */,
			);
			buildRules = (
			);
			dependencies = (
				7A57573C2D2D6ED80068C94C /* PBXTargetDependency */,
			);
			fileSystemSynchronizedGroups = (
				7A57573D2D2D6ED80068C94C /* Rudux-SwiftUITests */,
			);
			name = "Rudux-SwiftUITests";
			packageProductDependencies = (
			);
			productName = "Rudux-SwiftUITests";
			productReference = 7A57573A2D2D6ED80068C94C /* Rudux-SwiftUITests.xctest */;
			productType = "com.apple.product-type.bundle.unit-test";
		};
		7A5757432D2D6ED80068C94C /* Rudux-SwiftUIUITests */ = {
			isa = PBXNativeTarget;
			buildConfigurationList = 7A5757542D2D6ED80068C94C /* Build configuration list for PBXNativeTarget "Rudux-SwiftUIUITests" */;
			buildPhases = (
				7A5757402D2D6ED80068C94C /* Sources */,
				7A5757412D2D6ED80068C94C /* Frameworks */,
				7A5757422D2D6ED80068C94C /* Resources */,
			);
			buildRules = (
			);
			dependencies = (
				7A5757462D2D6ED80068C94C /* PBXTargetDependency */,
			);
			fileSystemSynchronizedGroups = (
				7A5757472D2D6ED80068C94C /* Rudux-SwiftUIUITests */,
			);
			name = "Rudux-SwiftUIUITests";
			packageProductDependencies = (
			);
			productName = "Rudux-SwiftUIUITests";
			productReference = 7A5757442D2D6ED80068C94C /* Rudux-SwiftUIUITests.xctest */;
			productType = "com.apple.product-type.bundle.ui-testing";
		};
/* End PBXNativeTarget section */

/* Begin PBXProject section */
		7A5757202D2D6ED60068C94C /* Project object */ = {
			isa = PBXProject;
			attributes = {
				BuildIndependentTargetsInParallel = 1;
				LastSwiftUpdateCheck = 1610;
				LastUpgradeCheck = 1610;
				TargetAttributes = {
					7A5757272D2D6ED60068C94C = {
						CreatedOnToolsVersion = 16.1;
					};
					7A5757392D2D6ED80068C94C = {
						CreatedOnToolsVersion = 16.1;
						TestTargetID = 7A5757272D2D6ED60068C94C;
					};
					7A5757432D2D6ED80068C94C = {
						CreatedOnToolsVersion = 16.1;
						TestTargetID = 7A5757272D2D6ED60068C94C;
					};
				};
			};
			buildConfigurationList = 7A5757232D2D6ED60068C94C /* Build configuration list for PBXProject "Rudux-SwiftUI" */;
			developmentRegion = en;
			hasScannedForEncodings = 0;
			knownRegions = (
				en,
				Base,
			);
			mainGroup = 7A57571F2D2D6ED60068C94C;
			minimizedProjectReferenceProxies = 1;
			packageReferences = (
				7A9058F72D2F9CAD0097E73A /* XCRemoteSwiftPackageReference "SDWebImageSwiftUI" */,
			);
			preferredProjectObjectVersion = 77;
			productRefGroup = 7A5757292D2D6ED60068C94C /* Products */;
			projectDirPath = "";
			projectRoot = "";
			targets = (
				7A5757272D2D6ED60068C94C /* Rudux-SwiftUI */,
				7A5757392D2D6ED80068C94C /* Rudux-SwiftUITests */,
				7A5757432D2D6ED80068C94C /* Rudux-SwiftUIUITests */,
			);
		};
/* End PBXProject section */

/* Begin PBXResourcesBuildPhase section */
		7A5757262D2D6ED60068C94C /* Resources */ = {
			isa = PBXResourcesBuildPhase;
			buildActionMask = 2147483647;
			files = (
			);
			runOnlyForDeploymentPostprocessing = 0;
		};
		7A5757382D2D6ED80068C94C /* Resources */ = {
			isa = PBXResourcesBuildPhase;
			buildActionMask = 2147483647;
			files = (
			);
			runOnlyForDeploymentPostprocessing = 0;
		};
		7A5757422D2D6ED80068C94C /* Resources */ = {
			isa = PBXResourcesBuildPhase;
			buildActionMask = 2147483647;
			files = (
			);
			runOnlyForDeploymentPostprocessing = 0;
		};
/* End PBXResourcesBuildPhase section */

/* Begin PBXSourcesBuildPhase section */
		7A5757242D2D6ED60068C94C /* Sources */ = {
			isa = PBXSourcesBuildPhase;
			buildActionMask = 2147483647;
			files = (
			);
			runOnlyForDeploymentPostprocessing = 0;
		};
		7A5757362D2D6ED80068C94C /* Sources */ = {
			isa = PBXSourcesBuildPhase;
			buildActionMask = 2147483647;
			files = (
			);
			runOnlyForDeploymentPostprocessing = 0;
		};
		7A5757402D2D6ED80068C94C /* Sources */ = {
			isa = PBXSourcesBuildPhase;
			buildActionMask = 2147483647;
			files = (
			);
			runOnlyForDeploymentPostprocessing = 0;
		};
/* End PBXSourcesBuildPhase section */

/* Begin PBXTargetDependency section */
		7A57573C2D2D6ED80068C94C /* PBXTargetDependency */ = {
			isa = PBXTargetDependency;
			target = 7A5757272D2D6ED60068C94C /* Rudux-SwiftUI */;
			targetProxy = 7A57573B2D2D6ED80068C94C /* PBXContainerItemProxy */;
		};
		7A5757462D2D6ED80068C94C /* PBXTargetDependency */ = {
			isa = PBXTargetDependency;
			target = 7A5757272D2D6ED60068C94C /* Rudux-SwiftUI */;
			targetProxy = 7A5757452D2D6ED80068C94C /* PBXContainerItemProxy */;
		};
/* End PBXTargetDependency section */

/* Begin XCBuildConfiguration section */
		7A57574C2D2D6ED80068C94C /* Debug */ = {
			isa = XCBuildConfiguration;
			buildSettings = {
				ALWAYS_SEARCH_USER_PATHS = NO;
				ASSETCATALOG_COMPILER_GENERATE_SWIFT_ASSET_SYMBOL_EXTENSIONS = YES;
				CLANG_ANALYZER_NONNULL = YES;
				CLANG_ANALYZER_NUMBER_OBJECT_CONVERSION = YES_AGGRESSIVE;
				CLANG_CXX_LANGUAGE_STANDARD = "gnu++20";
				CLANG_ENABLE_MODULES = YES;
				CLANG_ENABLE_OBJC_ARC = YES;
				CLANG_ENABLE_OBJC_WEAK = YES;
				CLANG_WARN_BLOCK_CAPTURE_AUTORELEASING = YES;
				CLANG_WARN_BOOL_CONVERSION = YES;
				CLANG_WARN_COMMA = YES;
				CLANG_WARN_CONSTANT_CONVERSION = YES;
				CLANG_WARN_DEPRECATED_OBJC_IMPLEMENTATIONS = YES;
				CLANG_WARN_DIRECT_OBJC_ISA_USAGE = YES_ERROR;
				CLANG_WARN_DOCUMENTATION_COMMENTS = YES;
				CLANG_WARN_EMPTY_BODY = YES;
				CLANG_WARN_ENUM_CONVERSION = YES;
				CLANG_WARN_INFINITE_RECURSION = YES;
				CLANG_WARN_INT_CONVERSION = YES;
				CLANG_WARN_NON_LITERAL_NULL_CONVERSION = YES;
				CLANG_WARN_OBJC_IMPLICIT_RETAIN_SELF = YES;
				CLANG_WARN_OBJC_LITERAL_CONVERSION = YES;
				CLANG_WARN_OBJC_ROOT_CLASS = YES_ERROR;
				CLANG_WARN_QUOTED_INCLUDE_IN_FRAMEWORK_HEADER = YES;
				CLANG_WARN_RANGE_LOOP_ANALYSIS = YES;
				CLANG_WARN_STRICT_PROTOTYPES = YES;
				CLANG_WARN_SUSPICIOUS_MOVE = YES;
				CLANG_WARN_UNGUARDED_AVAILABILITY = YES_AGGRESSIVE;
				CLANG_WARN_UNREACHABLE_CODE = YES;
				CLANG_WARN__DUPLICATE_METHOD_MATCH = YES;
				COPY_PHASE_STRIP = NO;
				DEBUG_INFORMATION_FORMAT = dwarf;
				ENABLE_STRICT_OBJC_MSGSEND = YES;
				ENABLE_TESTABILITY = YES;
				ENABLE_USER_SCRIPT_SANDBOXING = YES;
				GCC_C_LANGUAGE_STANDARD = gnu17;
				GCC_DYNAMIC_NO_PIC = NO;
				GCC_NO_COMMON_BLOCKS = YES;
				GCC_OPTIMIZATION_LEVEL = 0;
				GCC_PREPROCESSOR_DEFINITIONS = (
					"DEBUG=1",
					"$(inherited)",
				);
				GCC_WARN_64_TO_32_BIT_CONVERSION = YES;
				GCC_WARN_ABOUT_RETURN_TYPE = YES_ERROR;
				GCC_WARN_UNDECLARED_SELECTOR = YES;
				GCC_WARN_UNINITIALIZED_AUTOS = YES_AGGRESSIVE;
				GCC_WARN_UNUSED_FUNCTION = YES;
				GCC_WARN_UNUSED_VARIABLE = YES;
				IPHONEOS_DEPLOYMENT_TARGET = 18.1;
				LOCALIZATION_PREFERS_STRING_CATALOGS = YES;
				MTL_ENABLE_DEBUG_INFO = INCLUDE_SOURCE;
				MTL_FAST_MATH = YES;
				ONLY_ACTIVE_ARCH = YES;
				SDKROOT = iphoneos;
				SWIFT_ACTIVE_COMPILATION_CONDITIONS = "DEBUG $(inherited)";
				SWIFT_OPTIMIZATION_LEVEL = "-Onone";
			};
			name = Debug;
		};
		7A57574D2D2D6ED80068C94C /* Release */ = {
			isa = XCBuildConfiguration;
			buildSettings = {
				ALWAYS_SEARCH_USER_PATHS = NO;
				ASSETCATALOG_COMPILER_GENERATE_SWIFT_ASSET_SYMBOL_EXTENSIONS = YES;
				CLANG_ANALYZER_NONNULL = YES;
				CLANG_ANALYZER_NUMBER_OBJECT_CONVERSION = YES_AGGRESSIVE;
				CLANG_CXX_LANGUAGE_STANDARD = "gnu++20";
				CLANG_ENABLE_MODULES = YES;
				CLANG_ENABLE_OBJC_ARC = YES;
				CLANG_ENABLE_OBJC_WEAK = YES;
				CLANG_WARN_BLOCK_CAPTURE_AUTORELEASING = YES;
				CLANG_WARN_BOOL_CONVERSION = YES;
				CLANG_WARN_COMMA = YES;
				CLANG_WARN_CONSTANT_CONVERSION = YES;
				CLANG_WARN_DEPRECATED_OBJC_IMPLEMENTATIONS = YES;
				CLANG_WARN_DIRECT_OBJC_ISA_USAGE = YES_ERROR;
				CLANG_WARN_DOCUMENTATION_COMMENTS = YES;
				CLANG_WARN_EMPTY_BODY = YES;
				CLANG_WARN_ENUM_CONVERSION = YES;
				CLANG_WARN_INFINITE_RECURSION = YES;
				CLANG_WARN_INT_CONVERSION = YES;
				CLANG_WARN_NON_LITERAL_NULL_CONVERSION = YES;
				CLANG_WARN_OBJC_IMPLICIT_RETAIN_SELF = YES;
				CLANG_WARN_OBJC_LITERAL_CONVERSION = YES;
				CLANG_WARN_OBJC_ROOT_CLASS = YES_ERROR;
				CLANG_WARN_QUOTED_INCLUDE_IN_FRAMEWORK_HEADER = YES;
				CLANG_WARN_RANGE_LOOP_ANALYSIS = YES;
				CLANG_WARN_STRICT_PROTOTYPES = YES;
				CLANG_WARN_SUSPICIOUS_MOVE = YES;
				CLANG_WARN_UNGUARDED_AVAILABILITY = YES_AGGRESSIVE;
				CLANG_WARN_UNREACHABLE_CODE = YES;
				CLANG_WARN__DUPLICATE_METHOD_MATCH = YES;
				COPY_PHASE_STRIP = NO;
				DEBUG_INFORMATION_FORMAT = "dwarf-with-dsym";
				ENABLE_NS_ASSERTIONS = NO;
				ENABLE_STRICT_OBJC_MSGSEND = YES;
				ENABLE_USER_SCRIPT_SANDBOXING = YES;
				GCC_C_LANGUAGE_STANDARD = gnu17;
				GCC_NO_COMMON_BLOCKS = YES;
				GCC_WARN_64_TO_32_BIT_CONVERSION = YES;
				GCC_WARN_ABOUT_RETURN_TYPE = YES_ERROR;
				GCC_WARN_UNDECLARED_SELECTOR = YES;
				GCC_WARN_UNINITIALIZED_AUTOS = YES_AGGRESSIVE;
				GCC_WARN_UNUSED_FUNCTION = YES;
				GCC_WARN_UNUSED_VARIABLE = YES;
				IPHONEOS_DEPLOYMENT_TARGET = 18.1;
				LOCALIZATION_PREFERS_STRING_CATALOGS = YES;
				MTL_ENABLE_DEBUG_INFO = NO;
				MTL_FAST_MATH = YES;
				SDKROOT = iphoneos;
				SWIFT_COMPILATION_MODE = wholemodule;
				VALIDATE_PRODUCT = YES;
			};
			name = Release;
		};
		7A57574F2D2D6ED80068C94C /* Debug */ = {
			isa = XCBuildConfiguration;
			buildSettings = {
				ASSETCATALOG_COMPILER_APPICON_NAME = AppIcon;
				ASSETCATALOG_COMPILER_GLOBAL_ACCENT_COLOR_NAME = AccentColor;
				CODE_SIGN_STYLE = Automatic;
				CURRENT_PROJECT_VERSION = 1;
				DEVELOPMENT_ASSET_PATHS = "\"Rudux-SwiftUI/Preview Content\"";
				ENABLE_PREVIEWS = YES;
				GENERATE_INFOPLIST_FILE = YES;
				INFOPLIST_KEY_UIApplicationSceneManifest_Generation = YES;
				INFOPLIST_KEY_UIApplicationSupportsIndirectInputEvents = YES;
				INFOPLIST_KEY_UILaunchScreen_Generation = YES;
				INFOPLIST_KEY_UISupportedInterfaceOrientations_iPad = "UIInterfaceOrientationPortrait UIInterfaceOrientationPortraitUpsideDown UIInterfaceOrientationLandscapeLeft UIInterfaceOrientationLandscapeRight";
				INFOPLIST_KEY_UISupportedInterfaceOrientations_iPhone = "UIInterfaceOrientationPortrait UIInterfaceOrientationLandscapeLeft UIInterfaceOrientationLandscapeRight";
				LD_RUNPATH_SEARCH_PATHS = (
					"$(inherited)",
					"@executable_path/Frameworks",
				);
				MARKETING_VERSION = 1.0;
				PRODUCT_BUNDLE_IDENTIFIER = "com.secatu.VIPER.Rudux-SwiftUI";
				PRODUCT_NAME = "$(TARGET_NAME)";
				SWIFT_EMIT_LOC_STRINGS = YES;
				SWIFT_VERSION = 5.0;
				TARGETED_DEVICE_FAMILY = "1,2";
			};
			name = Debug;
		};
		7A5757502D2D6ED80068C94C /* Release */ = {
			isa = XCBuildConfiguration;
			buildSettings = {
				ASSETCATALOG_COMPILER_APPICON_NAME = AppIcon;
				ASSETCATALOG_COMPILER_GLOBAL_ACCENT_COLOR_NAME = AccentColor;
				CODE_SIGN_STYLE = Automatic;
				CURRENT_PROJECT_VERSION = 1;
				DEVELOPMENT_ASSET_PATHS = "\"Rudux-SwiftUI/Preview Content\"";
				ENABLE_PREVIEWS = YES;
				GENERATE_INFOPLIST_FILE = YES;
				INFOPLIST_KEY_UIApplicationSceneManifest_Generation = YES;
				INFOPLIST_KEY_UIApplicationSupportsIndirectInputEvents = YES;
				INFOPLIST_KEY_UILaunchScreen_Generation = YES;
				INFOPLIST_KEY_UISupportedInterfaceOrientations_iPad = "UIInterfaceOrientationPortrait UIInterfaceOrientationPortraitUpsideDown UIInterfaceOrientationLandscapeLeft UIInterfaceOrientationLandscapeRight";
				INFOPLIST_KEY_UISupportedInterfaceOrientations_iPhone = "UIInterfaceOrientationPortrait UIInterfaceOrientationLandscapeLeft UIInterfaceOrientationLandscapeRight";
				LD_RUNPATH_SEARCH_PATHS = (
					"$(inherited)",
					"@executable_path/Frameworks",
				);
				MARKETING_VERSION = 1.0;
				PRODUCT_BUNDLE_IDENTIFIER = "com.secatu.VIPER.Rudux-SwiftUI";
				PRODUCT_NAME = "$(TARGET_NAME)";
				SWIFT_EMIT_LOC_STRINGS = YES;
				SWIFT_VERSION = 5.0;
				TARGETED_DEVICE_FAMILY = "1,2";
			};
			name = Release;
		};
		7A5757522D2D6ED80068C94C /* Debug */ = {
			isa = XCBuildConfiguration;
			buildSettings = {
				BUNDLE_LOADER = "$(TEST_HOST)";
				CODE_SIGN_STYLE = Automatic;
				CURRENT_PROJECT_VERSION = 1;
				GENERATE_INFOPLIST_FILE = YES;
				IPHONEOS_DEPLOYMENT_TARGET = 18.1;
				MARKETING_VERSION = 1.0;
				PRODUCT_BUNDLE_IDENTIFIER = "com.secatu.VIPER.Rudux-SwiftUITests";
				PRODUCT_NAME = "$(TARGET_NAME)";
				SWIFT_EMIT_LOC_STRINGS = NO;
				SWIFT_VERSION = 5.0;
				TARGETED_DEVICE_FAMILY = "1,2";
				TEST_HOST = "$(BUILT_PRODUCTS_DIR)/Rudux-SwiftUI.app/$(BUNDLE_EXECUTABLE_FOLDER_PATH)/Rudux-SwiftUI";
			};
			name = Debug;
		};
		7A5757532D2D6ED80068C94C /* Release */ = {
			isa = XCBuildConfiguration;
			buildSettings = {
				BUNDLE_LOADER = "$(TEST_HOST)";
				CODE_SIGN_STYLE = Automatic;
				CURRENT_PROJECT_VERSION = 1;
				GENERATE_INFOPLIST_FILE = YES;
				IPHONEOS_DEPLOYMENT_TARGET = 18.1;
				MARKETING_VERSION = 1.0;
				PRODUCT_BUNDLE_IDENTIFIER = "com.secatu.VIPER.Rudux-SwiftUITests";
				PRODUCT_NAME = "$(TARGET_NAME)";
				SWIFT_EMIT_LOC_STRINGS = NO;
				SWIFT_VERSION = 5.0;
				TARGETED_DEVICE_FAMILY = "1,2";
				TEST_HOST = "$(BUILT_PRODUCTS_DIR)/Rudux-SwiftUI.app/$(BUNDLE_EXECUTABLE_FOLDER_PATH)/Rudux-SwiftUI";
			};
			name = Release;
		};
		7A5757552D2D6ED80068C94C /* Debug */ = {
			isa = XCBuildConfiguration;
			buildSettings = {
				CODE_SIGN_STYLE = Automatic;
				CURRENT_PROJECT_VERSION = 1;
				GENERATE_INFOPLIST_FILE = YES;
				MARKETING_VERSION = 1.0;
				PRODUCT_BUNDLE_IDENTIFIER = "com.secatu.VIPER.Rudux-SwiftUIUITests";
				PRODUCT_NAME = "$(TARGET_NAME)";
				SWIFT_EMIT_LOC_STRINGS = NO;
				SWIFT_VERSION = 5.0;
				TARGETED_DEVICE_FAMILY = "1,2";
				TEST_TARGET_NAME = "Rudux-SwiftUI";
			};
			name = Debug;
		};
		7A5757562D2D6ED80068C94C /* Release */ = {
			isa = XCBuildConfiguration;
			buildSettings = {
				CODE_SIGN_STYLE = Automatic;
				CURRENT_PROJECT_VERSION = 1;
				GENERATE_INFOPLIST_FILE = YES;
				MARKETING_VERSION = 1.0;
				PRODUCT_BUNDLE_IDENTIFIER = "com.secatu.VIPER.Rudux-SwiftUIUITests";
				PRODUCT_NAME = "$(TARGET_NAME)";
				SWIFT_EMIT_LOC_STRINGS = NO;
				SWIFT_VERSION = 5.0;
				TARGETED_DEVICE_FAMILY = "1,2";
				TEST_TARGET_NAME = "Rudux-SwiftUI";
			};
			name = Release;
		};
/* End XCBuildConfiguration section */

/* Begin XCConfigurationList section */
		7A5757232D2D6ED60068C94C /* Build configuration list for PBXProject "Rudux-SwiftUI" */ = {
			isa = XCConfigurationList;
			buildConfigurations = (
				7A57574C2D2D6ED80068C94C /* Debug */,
				7A57574D2D2D6ED80068C94C /* Release */,
			);
			defaultConfigurationIsVisible = 0;
			defaultConfigurationName = Release;
		};
		7A57574E2D2D6ED80068C94C /* Build configuration list for PBXNativeTarget "Rudux-SwiftUI" */ = {
			isa = XCConfigurationList;
			buildConfigurations = (
				7A57574F2D2D6ED80068C94C /* Debug */,
				7A5757502D2D6ED80068C94C /* Release */,
			);
			defaultConfigurationIsVisible = 0;
			defaultConfigurationName = Release;
		};
		7A5757512D2D6ED80068C94C /* Build configuration list for PBXNativeTarget "Rudux-SwiftUITests" */ = {
			isa = XCConfigurationList;
			buildConfigurations = (
				7A5757522D2D6ED80068C94C /* Debug */,
				7A5757532D2D6ED80068C94C /* Release */,
			);
			defaultConfigurationIsVisible = 0;
			defaultConfigurationName = Release;
		};
		7A5757542D2D6ED80068C94C /* Build configuration list for PBXNativeTarget "Rudux-SwiftUIUITests" */ = {
			isa = XCConfigurationList;
			buildConfigurations = (
				7A5757552D2D6ED80068C94C /* Debug */,
				7A5757562D2D6ED80068C94C /* Release */,
			);
			defaultConfigurationIsVisible = 0;
			defaultConfigurationName = Release;
		};
/* End XCConfigurationList section */

/* Begin XCRemoteSwiftPackageReference section */
		7A9058F72D2F9CAD0097E73A /* XCRemoteSwiftPackageReference "SDWebImageSwiftUI" */ = {
			isa = XCRemoteSwiftPackageReference;
			repositoryURL = "https://github.com/SDWebImage/SDWebImageSwiftUI.git";
			requirement = {
				kind = upToNextMajorVersion;
				minimumVersion = 3.1.3;
			};
		};
/* End XCRemoteSwiftPackageReference section */

/* Begin XCSwiftPackageProductDependency section */
		7A9058F82D2F9D840097E73A /* SDWebImageSwiftUI */ = {
			isa = XCSwiftPackageProductDependency;
			package = 7A9058F72D2F9CAD0097E73A /* XCRemoteSwiftPackageReference "SDWebImageSwiftUI" */;
			productName = SDWebImageSwiftUI;
		};
/* End XCSwiftPackageProductDependency section */
	};
	rootObject = 7A5757202D2D6ED60068C94C /* Project object */;
}
